
Microsoft Visual Studio Solution File, Format Version 12.00
# Visual Studio Version 17
VisualStudioVersion = 17.13.35825.156
MinimumVisualStudioVersion = 10.0.40219.1
Project("{FAE04EC0-301F-11D3-BF4B-00C04F79EFBC}") = "CarRental.StartUp", "CarRental.StartUp\CarRental.StartUp.csproj", "{3A2334C4-33A8-4716-B7FF-2A9686E0708D}"
EndProject
Project("{FAE04EC0-301F-11D3-BF4B-00C04F79EFBC}") = "CarRental.Presentation", "CarRental.Presentation\CarRental.Presentation.csproj", "{B80C2406-7033-424E-A33F-0A10FB8883BD}"
EndProject
Project("{FAE04EC0-301F-11D3-BF4B-00C04F79EFBC}") = "CarRental.Domain", "CarRental.Domain\CarRental.Domain.csproj", "{B9562ED5-9B85-41B8-8A70-9EAC76000D23}"
EndProject
Project("{FAE04EC0-301F-11D3-BF4B-00C04F79EFBC}") = "CarRental.Persistence", "CarRental.Persistence\CarRental.Persistence.csproj", "{6F1A4950-00D7-43AC-99A3-837EAE499A91}"
EndProject
Project("{FAE04EC0-301F-11D3-BF4B-00C04F79EFBC}") = "CarRental.DataInjectionStartUp", "CarRental.DataInjectionStartUp\CarRental.DataInjectionStartUp.csproj", "{4E205312-D523-49A5-9553-E6F17F0C899A}"
EndProject
Project("{FAE04EC0-301F-11D3-BF4B-00C04F79EFBC}") = "CarRental.DataInjectionPresentation", "CarRental.DataInjectionPresentation\CarRental.DataInjectionPresentation.csproj", "{3A7948FE-079F-424E-AC4B-BE08182299BC}"
EndProject
Project("{FAE04EC0-301F-11D3-BF4B-00C04F79EFBC}") = "CarRental.UnitTesting", "CarRental.UnitTesting\CarRental.UnitTesting.csproj", "{C72447B6-792B-4BEE-AA33-51FFF01CDDA0}"
EndProject
Global
	GlobalSection(SolutionConfigurationPlatforms) = preSolution
		Debug|Any CPU = Debug|Any CPU
		Release|Any CPU = Release|Any CPU
	EndGlobalSection
	GlobalSection(ProjectConfigurationPlatforms) = postSolution
		{3A2334C4-33A8-4716-B7FF-2A9686E0708D}.Debug|Any CPU.ActiveCfg = Debug|Any CPU
		{3A2334C4-33A8-4716-B7FF-2A9686E0708D}.Debug|Any CPU.Build.0 = Debug|Any CPU
		{3A2334C4-33A8-4716-B7FF-2A9686E0708D}.Release|Any CPU.ActiveCfg = Release|Any CPU
		{3A2334C4-33A8-4716-B7FF-2A9686E0708D}.Release|Any CPU.Build.0 = Release|Any CPU
		{B80C2406-7033-424E-A33F-0A10FB8883BD}.Debug|Any CPU.ActiveCfg = Debug|Any CPU
		{B80C2406-7033-424E-A33F-0A10FB8883BD}.Debug|Any CPU.Build.0 = Debug|Any CPU
		{B80C2406-7033-424E-A33F-0A10FB8883BD}.Release|Any CPU.ActiveCfg = Release|Any CPU
		{B80C2406-7033-424E-A33F-0A10FB8883BD}.Release|Any CPU.Build.0 = Release|Any CPU
		{B9562ED5-9B85-41B8-8A70-9EAC76000D23}.Debug|Any CPU.ActiveCfg = Debug|Any CPU
		{B9562ED5-9B85-41B8-8A70-9EAC76000D23}.Debug|Any CPU.Build.0 = Debug|Any CPU
		{B9562ED5-9B85-41B8-8A70-9EAC76000D23}.Release|Any CPU.ActiveCfg = Release|Any CPU
		{B9562ED5-9B85-41B8-8A70-9EAC76000D23}.Release|Any CPU.Build.0 = Release|Any CPU
		{6F1A4950-00D7-43AC-99A3-837EAE499A91}.Debug|Any CPU.ActiveCfg = Debug|Any CPU
		{6F1A4950-00D7-43AC-99A3-837EAE499A91}.Debug|Any CPU.Build.0 = Debug|Any CPU
		{6F1A4950-00D7-43AC-99A3-837EAE499A91}.Release|Any CPU.ActiveCfg = Release|Any CPU
		{6F1A4950-00D7-43AC-99A3-837EAE499A91}.Release|Any CPU.Build.0 = Release|Any CPU
		{4E205312-D523-49A5-9553-E6F17F0C899A}.Debug|Any CPU.ActiveCfg = Debug|Any CPU
		{4E205312-D523-49A5-9553-E6F17F0C899A}.Debug|Any CPU.Build.0 = Debug|Any CPU
		{4E205312-D523-49A5-9553-E6F17F0C899A}.Release|Any CPU.ActiveCfg = Release|Any CPU
		{4E205312-D523-49A5-9553-E6F17F0C899A}.Release|Any CPU.Build.0 = Release|Any CPU
		{3A7948FE-079F-424E-AC4B-BE08182299BC}.Debug|Any CPU.ActiveCfg = Debug|Any CPU
		{3A7948FE-079F-424E-AC4B-BE08182299BC}.Debug|Any CPU.Build.0 = Debug|Any CPU
		{3A7948FE-079F-424E-AC4B-BE08182299BC}.Release|Any CPU.ActiveCfg = Release|Any CPU
		{3A7948FE-079F-424E-AC4B-BE08182299BC}.Release|Any CPU.Build.0 = Release|Any CPU
		{C72447B6-792B-4BEE-AA33-51FFF01CDDA0}.Debug|Any CPU.ActiveCfg = Debug|Any CPU
		{C72447B6-792B-4BEE-AA33-51FFF01CDDA0}.Debug|Any CPU.Build.0 = Debug|Any CPU
		{C72447B6-792B-4BEE-AA33-51FFF01CDDA0}.Release|Any CPU.ActiveCfg = Release|Any CPU
		{C72447B6-792B-4BEE-AA33-51FFF01CDDA0}.Release|Any CPU.Build.0 = Release|Any CPU
	EndGlobalSection
	GlobalSection(SolutionProperties) = preSolution
		HideSolutionNode = FALSE
	EndGlobalSection
	GlobalSection(ExtensibilityGlobals) = postSolution
		SolutionGuid = {C025DF48-3A9F-426C-A3E5-5CD9D1C1BB99}
	EndGlobalSection
EndGlobal
